// !$*UTF8*$!
{
	archiveVersion = 1;
	classes = {
	};
	objectVersion = 48;
	objects = {

/* Begin PBXBuildFile section */
		A6DCBCE92079B63C0001F262 /* AppDelegate.swift in Sources */ = {isa = PBXBuildFile; fileRef = A6DCBCE82079B63C0001F262 /* AppDelegate.swift */; };
		A6DCBCEB2079B63C0001F262 /* ViewController.swift in Sources */ = {isa = PBXBuildFile; fileRef = A6DCBCEA2079B63C0001F262 /* ViewController.swift */; };
		A6DCBCEE2079B63C0001F262 /* Main.storyboard in Resources */ = {isa = PBXBuildFile; fileRef = A6DCBCEC2079B63C0001F262 /* Main.storyboard */; };
		A6DCBCF02079B63C0001F262 /* Assets.xcassets in Resources */ = {isa = PBXBuildFile; fileRef = A6DCBCEF2079B63C0001F262 /* Assets.xcassets */; };
		A6DCBCF32079B63C0001F262 /* LaunchScreen.storyboard in Resources */ = {isa = PBXBuildFile; fileRef = A6DCBCF12079B63C0001F262 /* LaunchScreen.storyboard */; };
		A6DCBCFE2079B63C0001F262 /* MusicPlayerTests.swift in Sources */ = {isa = PBXBuildFile; fileRef = A6DCBCFD2079B63C0001F262 /* MusicPlayerTests.swift */; };
		A6DCBD092079B63C0001F262 /* MusicPlayerUITests.swift in Sources */ = {isa = PBXBuildFile; fileRef = A6DCBD082079B63C0001F262 /* MusicPlayerUITests.swift */; };
		A6DCBD192079BD580001F262 /* 보고싶다.mp3 in Resources */ = {isa = PBXBuildFile; fileRef = A6DCBD182079BD580001F262 /* 보고싶다.mp3 */; };
		A6DCBD1B2079C10E0001F262 /* 겁쟁이.mp3 in Resources */ = {isa = PBXBuildFile; fileRef = A6DCBD1A2079C10E0001F262 /* 겁쟁이.mp3 */; };
		A6DCBD222079C7AE0001F262 /* 너의모든순간.mp3 in Resources */ = {isa = PBXBuildFile; fileRef = A6DCBD202079C7AD0001F262 /* 너의모든순간.mp3 */; };
		A6DCBD232079C7AE0001F262 /* 안녕나의사랑.mp3 in Resources */ = {isa = PBXBuildFile; fileRef = A6DCBD212079C7AE0001F262 /* 안녕나의사랑.mp3 */; };
		A6DCBD252079C8870001F262 /* 거리에서.mp3 in Resources */ = {isa = PBXBuildFile; fileRef = A6DCBD242079C8870001F262 /* 거리에서.mp3 */; };
/* End PBXBuildFile section */

/* Begin PBXContainerItemProxy section */
		A6DCBCFA2079B63C0001F262 /* PBXContainerItemProxy */ = {
			isa = PBXContainerItemProxy;
			containerPortal = A6DCBCDD2079B63C0001F262 /* Project object */;
			proxyType = 1;
			remoteGlobalIDString = A6DCBCE42079B63C0001F262;
			remoteInfo = MusicPlayer;
		};
		A6DCBD052079B63C0001F262 /* PBXContainerItemProxy */ = {
			isa = PBXContainerItemProxy;
			containerPortal = A6DCBCDD2079B63C0001F262 /* Project object */;
			proxyType = 1;
			remoteGlobalIDString = A6DCBCE42079B63C0001F262;
			remoteInfo = MusicPlayer;
		};
/* End PBXContainerItemProxy section */

/* Begin PBXFileReference section */
		A6DCBCE52079B63C0001F262 /* MusicPlayer.app */ = {isa = PBXFileReference; explicitFileType = wrapper.application; includeInIndex = 0; path = MusicPlayer.app; sourceTree = BUILT_PRODUCTS_DIR; };
		A6DCBCE82079B63C0001F262 /* AppDelegate.swift */ = {isa = PBXFileReference; lastKnownFileType = sourcecode.swift; path = AppDelegate.swift; sourceTree = "<group>"; };
		A6DCBCEA2079B63C0001F262 /* ViewController.swift */ = {isa = PBXFileReference; lastKnownFileType = sourcecode.swift; path = ViewController.swift; sourceTree = "<group>"; };
		A6DCBCED2079B63C0001F262 /* Base */ = {isa = PBXFileReference; lastKnownFileType = file.storyboard; name = Base; path = Base.lproj/Main.storyboard; sourceTree = "<group>"; };
		A6DCBCEF2079B63C0001F262 /* Assets.xcassets */ = {isa = PBXFileReference; lastKnownFileType = folder.assetcatalog; path = Assets.xcassets; sourceTree = "<group>"; };
		A6DCBCF22079B63C0001F262 /* Base */ = {isa = PBXFileReference; lastKnownFileType = file.storyboard; name = Base; path = Base.lproj/LaunchScreen.storyboard; sourceTree = "<group>"; };
		A6DCBCF42079B63C0001F262 /* Info.plist */ = {isa = PBXFileReference; lastKnownFileType = text.plist.xml; path = Info.plist; sourceTree = "<group>"; };
		A6DCBCF92079B63C0001F262 /* MusicPlayerTests.xctest */ = {isa = PBXFileReference; explicitFileType = wrapper.cfbundle; includeInIndex = 0; path = MusicPlayerTests.xctest; sourceTree = BUILT_PRODUCTS_DIR; };
		A6DCBCFD2079B63C0001F262 /* MusicPlayerTests.swift */ = {isa = PBXFileReference; lastKnownFileType = sourcecode.swift; path = MusicPlayerTests.swift; sourceTree = "<group>"; };
		A6DCBCFF2079B63C0001F262 /* Info.plist */ = {isa = PBXFileReference; lastKnownFileType = text.plist.xml; path = Info.plist; sourceTree = "<group>"; };
		A6DCBD042079B63C0001F262 /* MusicPlayerUITests.xctest */ = {isa = PBXFileReference; explicitFileType = wrapper.cfbundle; includeInIndex = 0; path = MusicPlayerUITests.xctest; sourceTree = BUILT_PRODUCTS_DIR; };
		A6DCBD082079B63C0001F262 /* MusicPlayerUITests.swift */ = {isa = PBXFileReference; lastKnownFileType = sourcecode.swift; path = MusicPlayerUITests.swift; sourceTree = "<group>"; };
		A6DCBD0A2079B63C0001F262 /* Info.plist */ = {isa = PBXFileReference; lastKnownFileType = text.plist.xml; path = Info.plist; sourceTree = "<group>"; };
		A6DCBD182079BD580001F262 /* 보고싶다.mp3 */ = {isa = PBXFileReference; lastKnownFileType = audio.mp3; path = "보고싶다.mp3"; sourceTree = "<group>"; };
		A6DCBD1A2079C10E0001F262 /* 겁쟁이.mp3 */ = {isa = PBXFileReference; lastKnownFileType = audio.mp3; path = "겁쟁이.mp3"; sourceTree = "<group>"; };
		A6DCBD202079C7AD0001F262 /* 너의모든순간.mp3 */ = {isa = PBXFileReference; lastKnownFileType = audio.mp3; path = "너의모든순간.mp3"; sourceTree = "<group>"; };
		A6DCBD212079C7AE0001F262 /* 안녕나의사랑.mp3 */ = {isa = PBXFileReference; lastKnownFileType = audio.mp3; path = "안녕나의사랑.mp3"; sourceTree = "<group>"; };
		A6DCBD242079C8870001F262 /* 거리에서.mp3 */ = {isa = PBXFileReference; lastKnownFileType = audio.mp3; path = "거리에서.mp3"; sourceTree = "<group>"; };
/* End PBXFileReference section */

/* Begin PBXFrameworksBuildPhase section */
		A6DCBCE22079B63C0001F262 /* Frameworks */ = {
			isa = PBXFrameworksBuildPhase;
			buildActionMask = 2147483647;
			files = (
			);
			runOnlyForDeploymentPostprocessing = 0;
		};
		A6DCBCF62079B63C0001F262 /* Frameworks */ = {
			isa = PBXFrameworksBuildPhase;
			buildActionMask = 2147483647;
			files = (
			);
			runOnlyForDeploymentPostprocessing = 0;
		};
		A6DCBD012079B63C0001F262 /* Frameworks */ = {
			isa = PBXFrameworksBuildPhase;
			buildActionMask = 2147483647;
			files = (
			);
			runOnlyForDeploymentPostprocessing = 0;
		};
/* End PBXFrameworksBuildPhase section */

/* Begin PBXGroup section */
		A6DCBCDC2079B63C0001F262 = {
			isa = PBXGroup;
			children = (
				A6DCBCE72079B63C0001F262 /* MusicPlayer */,
				A6DCBCFC2079B63C0001F262 /* MusicPlayerTests */,
				A6DCBD072079B63C0001F262 /* MusicPlayerUITests */,
				A6DCBCE62079B63C0001F262 /* Products */,
			);
			sourceTree = "<group>";
		};
		A6DCBCE62079B63C0001F262 /* Products */ = {
			isa = PBXGroup;
			children = (
				A6DCBCE52079B63C0001F262 /* MusicPlayer.app */,
				A6DCBCF92079B63C0001F262 /* MusicPlayerTests.xctest */,
				A6DCBD042079B63C0001F262 /* MusicPlayerUITests.xctest */,
			);
			name = Products;
			sourceTree = "<group>";
		};
		A6DCBCE72079B63C0001F262 /* MusicPlayer */ = {
			isa = PBXGroup;
			children = (
				A6DCBCE82079B63C0001F262 /* AppDelegate.swift */,
				A6DCBCEA2079B63C0001F262 /* ViewController.swift */,
				A6DCBCEC2079B63C0001F262 /* Main.storyboard */,
				A6DCBCEF2079B63C0001F262 /* Assets.xcassets */,
				A6DCBD182079BD580001F262 /* 보고싶다.mp3 */,
				A6DCBD1A2079C10E0001F262 /* 겁쟁이.mp3 */,
				A6DCBD242079C8870001F262 /* 거리에서.mp3 */,
				A6DCBD202079C7AD0001F262 /* 너의모든순간.mp3 */,
				A6DCBD212079C7AE0001F262 /* 안녕나의사랑.mp3 */,
				A6DCBCF12079B63C0001F262 /* LaunchScreen.storyboard */,
				A6DCBCF42079B63C0001F262 /* Info.plist */,
			);
			path = MusicPlayer;
			sourceTree = "<group>";
		};
		A6DCBCFC2079B63C0001F262 /* MusicPlayerTests */ = {
			isa = PBXGroup;
			children = (
				A6DCBCFD2079B63C0001F262 /* MusicPlayerTests.swift */,
				A6DCBCFF2079B63C0001F262 /* Info.plist */,
			);
			path = MusicPlayerTests;
			sourceTree = "<group>";
		};
		A6DCBD072079B63C0001F262 /* MusicPlayerUITests */ = {
			isa = PBXGroup;
			children = (
				A6DCBD082079B63C0001F262 /* MusicPlayerUITests.swift */,
				A6DCBD0A2079B63C0001F262 /* Info.plist */,
			);
			path = MusicPlayerUITests;
			sourceTree = "<group>";
		};
/* End PBXGroup section */

/* Begin PBXNativeTarget section */
		A6DCBCE42079B63C0001F262 /* MusicPlayer */ = {
			isa = PBXNativeTarget;
			buildConfigurationList = A6DCBD0D2079B63C0001F262 /* Build configuration list for PBXNativeTarget "MusicPlayer" */;
			buildPhases = (
				A6DCBCE12079B63C0001F262 /* Sources */,
				A6DCBCE22079B63C0001F262 /* Frameworks */,
				A6DCBCE32079B63C0001F262 /* Resources */,
			);
			buildRules = (
			);
			dependencies = (
			);
			name = MusicPlayer;
			productName = MusicPlayer;
			productReference = A6DCBCE52079B63C0001F262 /* MusicPlayer.app */;
			productType = "com.apple.product-type.application";
		};
		A6DCBCF82079B63C0001F262 /* MusicPlayerTests */ = {
			isa = PBXNativeTarget;
			buildConfigurationList = A6DCBD102079B63C0001F262 /* Build configuration list for PBXNativeTarget "MusicPlayerTests" */;
			buildPhases = (
				A6DCBCF52079B63C0001F262 /* Sources */,
				A6DCBCF62079B63C0001F262 /* Frameworks */,
				A6DCBCF72079B63C0001F262 /* Resources */,
			);
			buildRules = (
			);
			dependencies = (
				A6DCBCFB2079B63C0001F262 /* PBXTargetDependency */,
			);
			name = MusicPlayerTests;
			productName = MusicPlayerTests;
			productReference = A6DCBCF92079B63C0001F262 /* MusicPlayerTests.xctest */;
			productType = "com.apple.product-type.bundle.unit-test";
		};
		A6DCBD032079B63C0001F262 /* MusicPlayerUITests */ = {
			isa = PBXNativeTarget;
			buildConfigurationList = A6DCBD132079B63C0001F262 /* Build configuration list for PBXNativeTarget "MusicPlayerUITests" */;
			buildPhases = (
				A6DCBD002079B63C0001F262 /* Sources */,
				A6DCBD012079B63C0001F262 /* Frameworks */,
				A6DCBD022079B63C0001F262 /* Resources */,
			);
			buildRules = (
			);
			dependencies = (
				A6DCBD062079B63C0001F262 /* PBXTargetDependency */,
			);
			name = MusicPlayerUITests;
			productName = MusicPlayerUITests;
			productReference = A6DCBD042079B63C0001F262 /* MusicPlayerUITests.xctest */;
			productType = "com.apple.product-type.bundle.ui-testing";
		};
/* End PBXNativeTarget section */

/* Begin PBXProject section */
		A6DCBCDD2079B63C0001F262 /* Project object */ = {
			isa = PBXProject;
			attributes = {
				LastSwiftUpdateCheck = 0910;
				LastUpgradeCheck = 0910;
				ORGANIZATIONNAME = "Peter Kim";
				TargetAttributes = {
					A6DCBCE42079B63C0001F262 = {
						CreatedOnToolsVersion = 9.1;
						ProvisioningStyle = Automatic;
					};
					A6DCBCF82079B63C0001F262 = {
						CreatedOnToolsVersion = 9.1;
						ProvisioningStyle = Automatic;
						TestTargetID = A6DCBCE42079B63C0001F262;
					};
					A6DCBD032079B63C0001F262 = {
						CreatedOnToolsVersion = 9.1;
						ProvisioningStyle = Automatic;
						TestTargetID = A6DCBCE42079B63C0001F262;
					};
				};
			};
			buildConfigurationList = A6DCBCE02079B63C0001F262 /* Build configuration list for PBXProject "MusicPlayer" */;
			compatibilityVersion = "Xcode 8.0";
			developmentRegion = en;
			hasScannedForEncodings = 0;
			knownRegions = (
				en,
				Base,
			);
			mainGroup = A6DCBCDC2079B63C0001F262;
			productRefGroup = A6DCBCE62079B63C0001F262 /* Products */;
			projectDirPath = "";
			projectRoot = "";
			targets = (
				A6DCBCE42079B63C0001F262 /* MusicPlayer */,
				A6DCBCF82079B63C0001F262 /* MusicPlayerTests */,
				A6DCBD032079B63C0001F262 /* MusicPlayerUITests */,
			);
		};
/* End PBXProject section */

/* Begin PBXResourcesBuildPhase section */
		A6DCBCE32079B63C0001F262 /* Resources */ = {
			isa = PBXResourcesBuildPhase;
			buildActionMask = 2147483647;
			files = (
				A6DCBD252079C8870001F262 /* 거리에서.mp3 in Resources */,
				A6DCBCF32079B63C0001F262 /* LaunchScreen.storyboard in Resources */,
				A6DCBCF02079B63C0001F262 /* Assets.xcassets in Resources */,
				A6DCBD1B2079C10E0001F262 /* 겁쟁이.mp3 in Resources */,
				A6DCBD222079C7AE0001F262 /* 너의모든순간.mp3 in Resources */,
				A6DCBD232079C7AE0001F262 /* 안녕나의사랑.mp3 in Resources */,
				A6DCBCEE2079B63C0001F262 /* Main.storyboard in Resources */,
				A6DCBD192079BD580001F262 /* 보고싶다.mp3 in Resources */,
			);
			runOnlyForDeploymentPostprocessing = 0;
		};
		A6DCBCF72079B63C0001F262 /* Resources */ = {
			isa = PBXResourcesBuildPhase;
			buildActionMask = 2147483647;
			files = (
			);
			runOnlyForDeploymentPostprocessing = 0;
		};
		A6DCBD022079B63C0001F262 /* Resources */ = {
			isa = PBXResourcesBuildPhase;
			buildActionMask = 2147483647;
			files = (
			);
			runOnlyForDeploymentPostprocessing = 0;
		};
/* End PBXResourcesBuildPhase section */

/* Begin PBXSourcesBuildPhase section */
		A6DCBCE12079B63C0001F262 /* Sources */ = {
			isa = PBXSourcesBuildPhase;
			buildActionMask = 2147483647;
			files = (
				A6DCBCEB2079B63C0001F262 /* ViewController.swift in Sources */,
				A6DCBCE92079B63C0001F262 /* AppDelegate.swift in Sources */,
			);
			runOnlyForDeploymentPostprocessing = 0;
		};
		A6DCBCF52079B63C0001F262 /* Sources */ = {
			isa = PBXSourcesBuildPhase;
			buildActionMask = 2147483647;
			files = (
				A6DCBCFE2079B63C0001F262 /* MusicPlayerTests.swift in Sources */,
			);
			runOnlyForDeploymentPostprocessing = 0;
		};
		A6DCBD002079B63C0001F262 /* Sources */ = {
			isa = PBXSourcesBuildPhase;
			buildActionMask = 2147483647;
			files = (
				A6DCBD092079B63C0001F262 /* MusicPlayerUITests.swift in Sources */,
			);
			runOnlyForDeploymentPostprocessing = 0;
		};
/* End PBXSourcesBuildPhase section */

/* Begin PBXTargetDependency section */
		A6DCBCFB2079B63C0001F262 /* PBXTargetDependency */ = {
			isa = PBXTargetDependency;
			target = A6DCBCE42079B63C0001F262 /* MusicPlayer */;
			targetProxy = A6DCBCFA2079B63C0001F262 /* PBXContainerItemProxy */;
		};
		A6DCBD062079B63C0001F262 /* PBXTargetDependency */ = {
			isa = PBXTargetDependency;
			target = A6DCBCE42079B63C0001F262 /* MusicPlayer */;
			targetProxy = A6DCBD052079B63C0001F262 /* PBXContainerItemProxy */;
		};
/* End PBXTargetDependency section */

/* Begin PBXVariantGroup section */
		A6DCBCEC2079B63C0001F262 /* Main.storyboard */ = {
			isa = PBXVariantGroup;
			children = (
				A6DCBCED2079B63C0001F262 /* Base */,
			);
			name = Main.storyboard;
			sourceTree = "<group>";
		};
		A6DCBCF12079B63C0001F262 /* LaunchScreen.storyboard */ = {
			isa = PBXVariantGroup;
			children = (
				A6DCBCF22079B63C0001F262 /* Base */,
			);
			name = LaunchScreen.storyboard;
			sourceTree = "<group>";
		};
/* End PBXVariantGroup section */

/* Begin XCBuildConfiguration section */
		A6DCBD0B2079B63C0001F262 /* Debug */ = {
			isa = XCBuildConfiguration;
			buildSettings = {
				ALWAYS_SEARCH_USER_PATHS = NO;
				CLANG_ANALYZER_NONNULL = YES;
				CLANG_ANALYZER_NUMBER_OBJECT_CONVERSION = YES_AGGRESSIVE;
				CLANG_CXX_LANGUAGE_STANDARD = "gnu++14";
				CLANG_CXX_LIBRARY = "libc++";
				CLANG_ENABLE_MODULES = YES;
				CLANG_ENABLE_OBJC_ARC = YES;
				CLANG_WARN_BLOCK_CAPTURE_AUTORELEASING = YES;
				CLANG_WARN_BOOL_CONVERSION = YES;
				CLANG_WARN_COMMA = YES;
				CLANG_WARN_CONSTANT_CONVERSION = YES;
				CLANG_WARN_DIRECT_OBJC_ISA_USAGE = YES_ERROR;
				CLANG_WARN_DOCUMENTATION_COMMENTS = YES;
				CLANG_WARN_EMPTY_BODY = YES;
				CLANG_WARN_ENUM_CONVERSION = YES;
				CLANG_WARN_INFINITE_RECURSION = YES;
				CLANG_WARN_INT_CONVERSION = YES;
				CLANG_WARN_NON_LITERAL_NULL_CONVERSION = YES;
				CLANG_WARN_OBJC_LITERAL_CONVERSION = YES;
				CLANG_WARN_OBJC_ROOT_CLASS = YES_ERROR;
				CLANG_WARN_RANGE_LOOP_ANALYSIS = YES;
				CLANG_WARN_STRICT_PROTOTYPES = YES;
				CLANG_WARN_SUSPICIOUS_MOVE = YES;
				CLANG_WARN_UNGUARDED_AVAILABILITY = YES_AGGRESSIVE;
				CLANG_WARN_UNREACHABLE_CODE = YES;
				CLANG_WARN__DUPLICATE_METHOD_MATCH = YES;
				CODE_SIGN_IDENTITY = "iPhone Developer";
				COPY_PHASE_STRIP = NO;
				DEBUG_INFORMATION_FORMAT = dwarf;
				ENABLE_STRICT_OBJC_MSGSEND = YES;
				ENABLE_TESTABILITY = YES;
				GCC_C_LANGUAGE_STANDARD = gnu11;
				GCC_DYNAMIC_NO_PIC = NO;
				GCC_NO_COMMON_BLOCKS = YES;
				GCC_OPTIMIZATION_LEVEL = 0;
				GCC_PREPROCESSOR_DEFINITIONS = (
					"DEBUG=1",
					"$(inherited)",
				);
				GCC_WARN_64_TO_32_BIT_CONVERSION = YES;
				GCC_WARN_ABOUT_RETURN_TYPE = YES_ERROR;
				GCC_WARN_UNDECLARED_SELECTOR = YES;
				GCC_WARN_UNINITIALIZED_AUTOS = YES_AGGRESSIVE;
				GCC_WARN_UNUSED_FUNCTION = YES;
				GCC_WARN_UNUSED_VARIABLE = YES;
				IPHONEOS_DEPLOYMENT_TARGET = 11.1;
				MTL_ENABLE_DEBUG_INFO = YES;
				ONLY_ACTIVE_ARCH = YES;
				SDKROOT = iphoneos;
				SWIFT_ACTIVE_COMPILATION_CONDITIONS = DEBUG;
				SWIFT_OPTIMIZATION_LEVEL = "-Onone";
			};
			name = Debug;
		};
		A6DCBD0C2079B63C0001F262 /* Release */ = {
			isa = XCBuildConfiguration;
			buildSettings = {
				ALWAYS_SEARCH_USER_PATHS = NO;
				CLANG_ANALYZER_NONNULL = YES;
				CLANG_ANALYZER_NUMBER_OBJECT_CONVERSION = YES_AGGRESSIVE;
				CLANG_CXX_LANGUAGE_STANDARD = "gnu++14";
				CLANG_CXX_LIBRARY = "libc++";
				CLANG_ENABLE_MODULES = YES;
				CLANG_ENABLE_OBJC_ARC = YES;
				CLANG_WARN_BLOCK_CAPTURE_AUTORELEASING = YES;
				CLANG_WARN_BOOL_CONVERSION = YES;
				CLANG_WARN_COMMA = YES;
				CLANG_WARN_CONSTANT_CONVERSION = YES;
				CLANG_WARN_DIRECT_OBJC_ISA_USAGE = YES_ERROR;
				CLANG_WARN_DOCUMENTATION_COMMENTS = YES;
				CLANG_WARN_EMPTY_BODY = YES;
				CLANG_WARN_ENUM_CONVERSION = YES;
				CLANG_WARN_INFINITE_RECURSION = YES;
				CLANG_WARN_INT_CONVERSION = YES;
				CLANG_WARN_NON_LITERAL_NULL_CONVERSION = YES;
				CLANG_WARN_OBJC_LITERAL_CONVERSION = YES;
				CLANG_WARN_OBJC_ROOT_CLASS = YES_ERROR;
				CLANG_WARN_RANGE_LOOP_ANALYSIS = YES;
				CLANG_WARN_STRICT_PROTOTYPES = YES;
				CLANG_WARN_SUSPICIOUS_MOVE = YES;
				CLANG_WARN_UNGUARDED_AVAILABILITY = YES_AGGRESSIVE;
				CLANG_WARN_UNREACHABLE_CODE = YES;
				CLANG_WARN__DUPLICATE_METHOD_MATCH = YES;
				CODE_SIGN_IDENTITY = "iPhone Developer";
				COPY_PHASE_STRIP = NO;
				DEBUG_INFORMATION_FORMAT = "dwarf-with-dsym";
				ENABLE_NS_ASSERTIONS = NO;
				ENABLE_STRICT_OBJC_MSGSEND = YES;
				GCC_C_LANGUAGE_STANDARD = gnu11;
				GCC_NO_COMMON_BLOCKS = YES;
				GCC_WARN_64_TO_32_BIT_CONVERSION = YES;
				GCC_WARN_ABOUT_RETURN_TYPE = YES_ERROR;
				GCC_WARN_UNDECLARED_SELECTOR = YES;
				GCC_WARN_UNINITIALIZED_AUTOS = YES_AGGRESSIVE;
				GCC_WARN_UNUSED_FUNCTION = YES;
				GCC_WARN_UNUSED_VARIABLE = YES;
				IPHONEOS_DEPLOYMENT_TARGET = 11.1;
				MTL_ENABLE_DEBUG_INFO = NO;
				SDKROOT = iphoneos;
				SWIFT_OPTIMIZATION_LEVEL = "-Owholemodule";
				VALIDATE_PRODUCT = YES;
			};
			name = Release;
		};
		A6DCBD0E2079B63C0001F262 /* Debug */ = {
			isa = XCBuildConfiguration;
			buildSettings = {
				ASSETCATALOG_COMPILER_APPICON_NAME = AppIcon;
				CODE_SIGN_STYLE = Automatic;
				DEVELOPMENT_TEAM = 8VN688GP59;
				INFOPLIST_FILE = MusicPlayer/Info.plist;
				LD_RUNPATH_SEARCH_PATHS = "$(inherited) @executable_path/Frameworks";
				PRODUCT_BUNDLE_IDENTIFIER = peterkim.MusicPlayer;
				PRODUCT_NAME = "$(TARGET_NAME)";
				SWIFT_VERSION = 4.0;
				TARGETED_DEVICE_FAMILY = "1,2";
			};
			name = Debug;
		};
		A6DCBD0F2079B63C0001F262 /* Release */ = {
			isa = XCBuildConfiguration;
			buildSettings = {
				ASSETCATALOG_COMPILER_APPICON_NAME = AppIcon;
				CODE_SIGN_STYLE = Automatic;
				DEVELOPMENT_TEAM = 8VN688GP59;
				INFOPLIST_FILE = MusicPlayer/Info.plist;
				LD_RUNPATH_SEARCH_PATHS = "$(inherited) @executable_path/Frameworks";
				PRODUCT_BUNDLE_IDENTIFIER = peterkim.MusicPlayer;
				PRODUCT_NAME = "$(TARGET_NAME)";
				SWIFT_VERSION = 4.0;
				TARGETED_DEVICE_FAMILY = "1,2";
			};
			name = Release;
		};
		A6DCBD112079B63C0001F262 /* Debug */ = {
			isa = XCBuildConfiguration;
			buildSettings = {
				ALWAYS_EMBED_SWIFT_STANDARD_LIBRARIES = YES;
				BUNDLE_LOADER = "$(TEST_HOST)";
				CODE_SIGN_STYLE = Automatic;
				DEVELOPMENT_TEAM = 8VN688GP59;
				INFOPLIST_FILE = MusicPlayerTests/Info.plist;
				LD_RUNPATH_SEARCH_PATHS = "$(inherited) @executable_path/Frameworks @loader_path/Frameworks";
				PRODUCT_BUNDLE_IDENTIFIER = peterkim.MusicPlayerTests;
				PRODUCT_NAME = "$(TARGET_NAME)";
				SWIFT_VERSION = 4.0;
				TARGETED_DEVICE_FAMILY = "1,2";
				TEST_HOST = "$(BUILT_PRODUCTS_DIR)/MusicPlayer.app/MusicPlayer";
			};
			name = Debug;
		};
		A6DCBD122079B63C0001F262 /* Release */ = {
			isa = XCBuildConfiguration;
			buildSettings = {
				ALWAYS_EMBED_SWIFT_STANDARD_LIBRARIES = YES;
				BUNDLE_LOADER = "$(TEST_HOST)";
				CODE_SIGN_STYLE = Automatic;
				DEVELOPMENT_TEAM = 8VN688GP59;
				INFOPLIST_FILE = MusicPlayerTests/Info.plist;
				LD_RUNPATH_SEARCH_PATHS = "$(inherited) @executable_path/Frameworks @loader_path/Frameworks";
				PRODUCT_BUNDLE_IDENTIFIER = peterkim.MusicPlayerTests;
				PRODUCT_NAME = "$(TARGET_NAME)";
				SWIFT_VERSION = 4.0;
				TARGETED_DEVICE_FAMILY = "1,2";
				TEST_HOST = "$(BUILT_PRODUCTS_DIR)/MusicPlayer.app/MusicPlayer";
			};
			name = Release;
		};
		A6DCBD142079B63C0001F262 /* Debug */ = {
			isa = XCBuildConfiguration;
			buildSettings = {
				ALWAYS_EMBED_SWIFT_STANDARD_LIBRARIES = YES;
				CODE_SIGN_STYLE = Automatic;
				DEVELOPMENT_TEAM = 8VN688GP59;
				INFOPLIST_FILE = MusicPlayerUITests/Info.plist;
				LD_RUNPATH_SEARCH_PATHS = "$(inherited) @executable_path/Frameworks @loader_path/Frameworks";
				PRODUCT_BUNDLE_IDENTIFIER = peterkim.MusicPlayerUITests;
				PRODUCT_NAME = "$(TARGET_NAME)";
				SWIFT_VERSION = 4.0;
				TARGETED_DEVICE_FAMILY = "1,2";
				TEST_TARGET_NAME = MusicPlayer;
			};
			name = Debug;
		};
		A6DCBD152079B63C0001F262 /* Release */ = {
			isa = XCBuildConfiguration;
			buildSettings = {
				ALWAYS_EMBED_SWIFT_STANDARD_LIBRARIES = YES;
				CODE_SIGN_STYLE = Automatic;
				DEVELOPMENT_TEAM = 8VN688GP59;
				INFOPLIST_FILE = MusicPlayerUITests/Info.plist;
				LD_RUNPATH_SEARCH_PATHS = "$(inherited) @executable_path/Frameworks @loader_path/Frameworks";
				PRODUCT_BUNDLE_IDENTIFIER = peterkim.MusicPlayerUITests;
				PRODUCT_NAME = "$(TARGET_NAME)";
				SWIFT_VERSION = 4.0;
				TARGETED_DEVICE_FAMILY = "1,2";
				TEST_TARGET_NAME = MusicPlayer;
			};
			name = Release;
		};
/* End XCBuildConfiguration section */

/* Begin XCConfigurationList section */
		A6DCBCE02079B63C0001F262 /* Build configuration list for PBXProject "MusicPlayer" */ = {
			isa = XCConfigurationList;
			buildConfigurations = (
				A6DCBD0B2079B63C0001F262 /* Debug */,
				A6DCBD0C2079B63C0001F262 /* Release */,
			);
			defaultConfigurationIsVisible = 0;
			defaultConfigurationName = Release;
		};
		A6DCBD0D2079B63C0001F262 /* Build configuration list for PBXNativeTarget "MusicPlayer" */ = {
			isa = XCConfigurationList;
			buildConfigurations = (
				A6DCBD0E2079B63C0001F262 /* Debug */,
				A6DCBD0F2079B63C0001F262 /* Release */,
			);
			defaultConfigurationIsVisible = 0;
			defaultConfigurationName = Release;
		};
		A6DCBD102079B63C0001F262 /* Build configuration list for PBXNativeTarget "MusicPlayerTests" */ = {
			isa = XCConfigurationList;
			buildConfigurations = (
				A6DCBD112079B63C0001F262 /* Debug */,
				A6DCBD122079B63C0001F262 /* Release */,
			);
			defaultConfigurationIsVisible = 0;
			defaultConfigurationName = Release;
		};
		A6DCBD132079B63C0001F262 /* Build configuration list for PBXNativeTarget "MusicPlayerUITests" */ = {
			isa = XCConfigurationList;
			buildConfigurations = (
				A6DCBD142079B63C0001F262 /* Debug */,
				A6DCBD152079B63C0001F262 /* Release */,
			);
			defaultConfigurationIsVisible = 0;
			defaultConfigurationName = Release;
		};
/* End XCConfigurationList section */
	};
	rootObject = A6DCBCDD2079B63C0001F262 /* Project object */;
}
